
Microsoft Visual Studio Solution File, Format Version 12.00
# Visual Studio 15
VisualStudioVersion = 15.0.27703.2026
MinimumVisualStudioVersion = 10.0.40219.1
Project("{FAE04EC0-301F-11D3-BF4B-00C04F79EFBC}") = "Login Page", "Login Page\Login Page.csproj", "{08AB6BBB-3460-4652-B740-B9C3D4131A3D}"
EndProject
Global
	GlobalSection(SolutionConfigurationPlatforms) = preSolution
		Debug|Any CPU = Debug|Any CPU
		Release|Any CPU = Release|Any CPU
	EndGlobalSection
	GlobalSection(ProjectConfigurationPlatforms) = postSolution
		{08AB6BBB-3460-4652-B740-B9C3D4131A3D}.Debug|Any CPU.ActiveCfg = Debug|Any CPU
		{08AB6BBB-3460-4652-B740-B9C3D4131A3D}.Debug|Any CPU.Build.0 = Debug|Any CPU
		{08AB6BBB-3460-4652-B740-B9C3D4131A3D}.Release|Any CPU.ActiveCfg = Release|Any CPU
		{08AB6BBB-3460-4652-B740-B9C3D4131A3D}.Release|Any CPU.Build.0 = Release|Any CPU
	EndGlobalSection
	GlobalSection(SolutionProperties) = preSolution
		HideSolutionNode = FALSE
	EndGlobalSection
	GlobalSection(ExtensibilityGlobals) = postSolution
		SolutionGuid = {5004AD10-608A-4159-B5F3-2349CC7704CA}
	EndGlobalSection
EndGlobal
